lockfileVersion: 5.4

importers:

  packages/conn:
    specifiers:
      afsm: ^2.2.2
      eventemitter3: ^4.0.7
      oput: ^1.2.0
      streamrx: ^0.0.3
    dependencies:
      afsm: 2.2.2
      eventemitter3: 4.0.7
      oput: 1.2.0
      streamrx: 0.0.3

packages:

  /afsm/2.2.2:
    resolution: {integrity: sha512-QbuT6njDS+LMfvoLm0wY5+BuxRVYnEzArdJyrzlVJK1r5nh20odq9ofIqDAnGKg6G5kJBbawTWNGqlTzeTFn1Q==}
    dependencies:
      eventemitter3: 4.0.7
    dev: false

  /eventemitter3/4.0.7:
    resolution: {integrity: sha512-8guHBZCwKnFhYdHr2ysuRWErTwhoN2X8XELRlrRwpmfeY2jjuUN4taQMsULKUVo1K4DvZl+0pgfyoysHxvmvEw==}
    dev: false

  /oput/1.2.0:
    resolution: {integrity: sha512-4iw1VNxjguXPNcY0xJRJFXLWaykF7jTxS2mkLZGMyNISP9EXbreWmYY30oIZg/JnTjDhauFoYa57eL7itqydiw==}
    dev: false

  /streamrx/0.0.3:
    resolution: {integrity: sha512-AeuOYaERoVFGr9pZ8HWuWvgXbPYmsW4pvGBBkpzi9dBEoqscHXe0O1BvjT9oz65QODnrFNSf7IpkJEkfkEHmbg==}
    dev: false
